
Microsoft Visual Studio Solution File, Format Version 12.00
# Visual Studio 15
VisualStudioVersion = 15.0.27428.2015
MinimumVisualStudioVersion = 10.0.40219.1
Project("{FAE04EC0-301F-11D3-BF4B-00C04F79EFBC}") = "Csh.Xrs.Tools.SiteLogCollection.Entities", "Csh.Xrs.Tools.SiteLogCollection.Enities\Csh.Xrs.Tools.SiteLogCollection.Entities.csproj", "{88726139-04EB-4C19-B422-586AF11C1B3E}"
EndProject
Project("{FAE04EC0-301F-11D3-BF4B-00C04F79EFBC}") = "Csh.Xrs.Tools.SiteLogCollection.Interfaces", "Csh.Xrs.Tools.SiteLogCollection.Interfaces\Csh.Xrs.Tools.SiteLogCollection.Interfaces.csproj", "{ED574458-B7A0-4FAE-84CD-A2282B902270}"
EndProject
Project("{FAE04EC0-301F-11D3-BF4B-00C04F79EFBC}") = "Csh.Xrs.Tools.SiteLogCollection.Host", "Csh.Xrs.Tools.SiteLogCollection.Host\Csh.Xrs.Tools.SiteLogCollection.Host.csproj", "{7706FD16-4813-4A62-8442-C2D8864FB49D}"
EndProject
Global
	GlobalSection(SolutionConfigurationPlatforms) = preSolution
		Debug|Any CPU = Debug|Any CPU
		Release|Any CPU = Release|Any CPU
	EndGlobalSection
	GlobalSection(ProjectConfigurationPlatforms) = postSolution
		{88726139-04EB-4C19-B422-586AF11C1B3E}.Debug|Any CPU.ActiveCfg = Debug|Any CPU
		{88726139-04EB-4C19-B422-586AF11C1B3E}.Debug|Any CPU.Build.0 = Debug|Any CPU
		{88726139-04EB-4C19-B422-586AF11C1B3E}.Release|Any CPU.ActiveCfg = Release|Any CPU
		{88726139-04EB-4C19-B422-586AF11C1B3E}.Release|Any CPU.Build.0 = Release|Any CPU
		{ED574458-B7A0-4FAE-84CD-A2282B902270}.Debug|Any CPU.ActiveCfg = Debug|Any CPU
		{ED574458-B7A0-4FAE-84CD-A2282B902270}.Debug|Any CPU.Build.0 = Debug|Any CPU
		{ED574458-B7A0-4FAE-84CD-A2282B902270}.Release|Any CPU.ActiveCfg = Release|Any CPU
		{ED574458-B7A0-4FAE-84CD-A2282B902270}.Release|Any CPU.Build.0 = Release|Any CPU
		{7706FD16-4813-4A62-8442-C2D8864FB49D}.Debug|Any CPU.ActiveCfg = Debug|Any CPU
		{7706FD16-4813-4A62-8442-C2D8864FB49D}.Debug|Any CPU.Build.0 = Debug|Any CPU
		{7706FD16-4813-4A62-8442-C2D8864FB49D}.Release|Any CPU.ActiveCfg = Release|Any CPU
		{7706FD16-4813-4A62-8442-C2D8864FB49D}.Release|Any CPU.Build.0 = Release|Any CPU
	EndGlobalSection
	GlobalSection(SolutionProperties) = preSolution
		HideSolutionNode = FALSE
	EndGlobalSection
	GlobalSection(ExtensibilityGlobals) = postSolution
		SolutionGuid = {B9E5A30B-B9A8-4F74-A23F-3502DD698134}
	EndGlobalSection
EndGlobal
